
Microsoft Visual Studio Solution File, Format Version 12.00
# Visual Studio Version 17
VisualStudioVersion = 17.4.33213.308
MinimumVisualStudioVersion = 10.0.40219.1
Project("{9A19103F-16F7-4668-BE54-9A1E7A4F7556}") = "NZWalks.API", "NZWalks.API\NZWalks.API.csproj", "{0CDAEB24-5568-49B7-A0AC-63FFA0E032B9}"
EndProject
Project("{FAE04EC0-301F-11D3-BF4B-00C04F79EFBC}") = "NZWalks.UI", "NZWalks.UI\NZWalks.UI.csproj", "{EAF37BC8-8CC7-45ED-A44B-BC8795B10716}"
EndProject
Global
	GlobalSection(SolutionConfigurationPlatforms) = preSolution
		Debug|Any CPU = Debug|Any CPU
		Release|Any CPU = Release|Any CPU
	EndGlobalSection
	GlobalSection(ProjectConfigurationPlatforms) = postSolution
		{0CDAEB24-5568-49B7-A0AC-63FFA0E032B9}.Debug|Any CPU.ActiveCfg = Debug|Any CPU
		{0CDAEB24-5568-49B7-A0AC-63FFA0E032B9}.Debug|Any CPU.Build.0 = Debug|Any CPU
		{0CDAEB24-5568-49B7-A0AC-63FFA0E032B9}.Release|Any CPU.ActiveCfg = Release|Any CPU
		{0CDAEB24-5568-49B7-A0AC-63FFA0E032B9}.Release|Any CPU.Build.0 = Release|Any CPU
		{EAF37BC8-8CC7-45ED-A44B-BC8795B10716}.Debug|Any CPU.ActiveCfg = Debug|Any CPU
		{EAF37BC8-8CC7-45ED-A44B-BC8795B10716}.Debug|Any CPU.Build.0 = Debug|Any CPU
		{EAF37BC8-8CC7-45ED-A44B-BC8795B10716}.Release|Any CPU.ActiveCfg = Release|Any CPU
		{EAF37BC8-8CC7-45ED-A44B-BC8795B10716}.Release|Any CPU.Build.0 = Release|Any CPU
	EndGlobalSection
	GlobalSection(SolutionProperties) = preSolution
		HideSolutionNode = FALSE
	EndGlobalSection
	GlobalSection(ExtensibilityGlobals) = postSolution
		SolutionGuid = {138BFA6E-FECB-4B3A-9E86-F586E69545CA}
	EndGlobalSection
EndGlobal
